
Microsoft Visual Studio Solution File, Format Version 12.00
# Visual Studio Version 17
VisualStudioVersion = 17.4.32804.182
MinimumVisualStudioVersion = 10.0.40219.1
Project("{FAE04EC0-301F-11D3-BF4B-00C04F79EFBC}") = "matrices", "matrices\matrices.csproj", "{FFB2D00E-C6FC-4340-ADDE-1CB7EB631437}"
EndProject
Global
	GlobalSection(SolutionConfigurationPlatforms) = preSolution
		Debug|Any CPU = Debug|Any CPU
		Release|Any CPU = Release|Any CPU
	EndGlobalSection
	GlobalSection(ProjectConfigurationPlatforms) = postSolution
		{FFB2D00E-C6FC-4340-ADDE-1CB7EB631437}.Debug|Any CPU.ActiveCfg = Debug|Any CPU
		{FFB2D00E-C6FC-4340-ADDE-1CB7EB631437}.Debug|Any CPU.Build.0 = Debug|Any CPU
		{FFB2D00E-C6FC-4340-ADDE-1CB7EB631437}.Release|Any CPU.ActiveCfg = Release|Any CPU
		{FFB2D00E-C6FC-4340-ADDE-1CB7EB631437}.Release|Any CPU.Build.0 = Release|Any CPU
	EndGlobalSection
	GlobalSection(SolutionProperties) = preSolution
		HideSolutionNode = FALSE
	EndGlobalSection
	GlobalSection(ExtensibilityGlobals) = postSolution
		SolutionGuid = {7CF36CA9-2973-409B-8F25-C9196445244D}
	EndGlobalSection
EndGlobal
